
Microsoft Visual Studio Solution File, Format Version 12.00
# Visual Studio Version 17
VisualStudioVersion = 17.7.34009.444
MinimumVisualStudioVersion = 10.0.40219.1
Project("{FAE04EC0-301F-11D3-BF4B-00C04F79EFBC}") = "Практика", "Практика.csproj", "{1FEEC320-B3C9-4CE3-B0A8-3F6AA229D65C}"
EndProject
Global
	GlobalSection(SolutionConfigurationPlatforms) = preSolution
		Debug|Any CPU = Debug|Any CPU
		Release|Any CPU = Release|Any CPU
	EndGlobalSection
	GlobalSection(ProjectConfigurationPlatforms) = postSolution
		{1FEEC320-B3C9-4CE3-B0A8-3F6AA229D65C}.Debug|Any CPU.ActiveCfg = Debug|Any CPU
		{1FEEC320-B3C9-4CE3-B0A8-3F6AA229D65C}.Debug|Any CPU.Build.0 = Debug|Any CPU
		{1FEEC320-B3C9-4CE3-B0A8-3F6AA229D65C}.Release|Any CPU.ActiveCfg = Release|Any CPU
		{1FEEC320-B3C9-4CE3-B0A8-3F6AA229D65C}.Release|Any CPU.Build.0 = Release|Any CPU
	EndGlobalSection
	GlobalSection(SolutionProperties) = preSolution
		HideSolutionNode = FALSE
	EndGlobalSection
	GlobalSection(ExtensibilityGlobals) = postSolution
		SolutionGuid = {8C3CFB90-6585-4B4A-96E5-8089FDC4E04C}
	EndGlobalSection
EndGlobal
